PODS:
  - CocoaLumberjack (2.0.1):
    - CocoaLumberjack/Default (= 2.0.1)
    - CocoaLumberjack/Extensions (= 2.0.1)
  - CocoaLumberjack/Core (2.0.1)
  - CocoaLumberjack/Default (2.0.1):
    - CocoaLumberjack/Core
  - CocoaLumberjack/Extensions (2.0.1):
    - CocoaLumberjack/Default
  - KVOController (1.0.3)
  - Masonry (0.6.3)
  - NBULog (1.2.4):
    - CocoaLumberjack (>= 2.0.0)
  - NBULogStub (0.1.2)
  - NNZoomableImageView (1.3.0):
    - KVOController
    - Masonry
    - NBULogStub

DEPENDENCIES:
  - NBULog
  - NNZoomableImageView (from `../`)

EXTERNAL SOURCES:
  NNZoomableImageView:
    :path: ../

SPEC CHECKSUMS:
  CocoaLumberjack: 019d1361244274a6138c788c6cb80baabc13fb8f
  KVOController: 9fd8f0343670994e4b6f9f0b31f5a45663f3e1cf
  Masonry: ff105a956abcd19a618b2028b121cb638d7a8e2f
  NBULog: 4003be6706b97a7e376ab4171c666ac7c2fbc2b2
  NBULogStub: 398fa3535e3b368d6f1cb3b32c2ac0cb81cf350c
  NNZoomableImageView: 1d15b25155ab1aea32d5ea7310299a17afc4213e

COCOAPODS: 0.38.2
